
Microsoft Visual Studio Solution File, Format Version 12.00
# Visual Studio Version 17
VisualStudioVersion = 17.0.31808.319
MinimumVisualStudioVersion = 10.0.40219.1
Project("{FAE04EC0-301F-11D3-BF4B-00C04F79EFBC}") = "WordleAPI", "WordleAPI\WordleAPI.csproj", "{211E9B81-5DFF-4197-9328-DAA8CB08A3FE}"
EndProject
Global
	GlobalSection(SolutionConfigurationPlatforms) = preSolution
		Debug|Any CPU = Debug|Any CPU
		Release|Any CPU = Release|Any CPU
	EndGlobalSection
	GlobalSection(ProjectConfigurationPlatforms) = postSolution
		{211E9B81-5DFF-4197-9328-DAA8CB08A3FE}.Debug|Any CPU.ActiveCfg = Debug|Any CPU
		{211E9B81-5DFF-4197-9328-DAA8CB08A3FE}.Debug|Any CPU.Build.0 = Debug|Any CPU
		{211E9B81-5DFF-4197-9328-DAA8CB08A3FE}.Release|Any CPU.ActiveCfg = Release|Any CPU
		{211E9B81-5DFF-4197-9328-DAA8CB08A3FE}.Release|Any CPU.Build.0 = Release|Any CPU
	EndGlobalSection
	GlobalSection(SolutionProperties) = preSolution
		HideSolutionNode = FALSE
	EndGlobalSection
	GlobalSection(ExtensibilityGlobals) = postSolution
		SolutionGuid = {04B401F9-397B-49FB-BDD4-759280000D0C}
	EndGlobalSection
EndGlobal
